
Microsoft Visual Studio Solution File, Format Version 12.00
# Visual Studio 15
VisualStudioVersion = 15.0.26730.12
MinimumVisualStudioVersion = 10.0.40219.1
Project("{FAE04EC0-301F-11D3-BF4B-00C04F79EFBC}") = "Common", "Common\Common.csproj", "{E8C3B637-2DED-49FB-8D15-A4957BF813B3}"
EndProject
Project("{FAE04EC0-301F-11D3-BF4B-00C04F79EFBC}") = "Application", "Application\Application.csproj", "{E97B5193-3F30-4903-815B-F51DC0EC73DA}"
EndProject
Global
	GlobalSection(SolutionConfigurationPlatforms) = preSolution
		Debug|Any CPU = Debug|Any CPU
		Release|Any CPU = Release|Any CPU
	EndGlobalSection
	GlobalSection(ProjectConfigurationPlatforms) = postSolution
		{E8C3B637-2DED-49FB-8D15-A4957BF813B3}.Debug|Any CPU.ActiveCfg = Debug|Any CPU
		{E8C3B637-2DED-49FB-8D15-A4957BF813B3}.Debug|Any CPU.Build.0 = Debug|Any CPU
		{E8C3B637-2DED-49FB-8D15-A4957BF813B3}.Release|Any CPU.ActiveCfg = Release|Any CPU
		{E8C3B637-2DED-49FB-8D15-A4957BF813B3}.Release|Any CPU.Build.0 = Release|Any CPU
		{E97B5193-3F30-4903-815B-F51DC0EC73DA}.Debug|Any CPU.ActiveCfg = Debug|Any CPU
		{E97B5193-3F30-4903-815B-F51DC0EC73DA}.Debug|Any CPU.Build.0 = Debug|Any CPU
		{E97B5193-3F30-4903-815B-F51DC0EC73DA}.Release|Any CPU.ActiveCfg = Release|Any CPU
		{E97B5193-3F30-4903-815B-F51DC0EC73DA}.Release|Any CPU.Build.0 = Release|Any CPU
	EndGlobalSection
	GlobalSection(SolutionProperties) = preSolution
		HideSolutionNode = FALSE
	EndGlobalSection
	GlobalSection(ExtensibilityGlobals) = postSolution
		SolutionGuid = {1CE37D60-BAD1-48D0-B880-9A60C81296D1}
	EndGlobalSection
EndGlobal
